
Microsoft Visual Studio Solution File, Format Version 12.00
# Visual Studio 15
VisualStudioVersion = 15.0.28010.2050
MinimumVisualStudioVersion = 10.0.40219.1
Project("{FAE04EC0-301F-11D3-BF4B-00C04F79EFBC}") = "UploadEeUploader", "UploadEeUploader\UploadEeUploader.csproj", "{259391A0-E913-44F9-AEB5-7795393AC029}"
EndProject
Global
	GlobalSection(SolutionConfigurationPlatforms) = preSolution
		Charles|Any CPU = Charles|Any CPU
		Debug|Any CPU = Debug|Any CPU
		Release|Any CPU = Release|Any CPU
	EndGlobalSection
	GlobalSection(ProjectConfigurationPlatforms) = postSolution
		{259391A0-E913-44F9-AEB5-7795393AC029}.Charles|Any CPU.ActiveCfg = Charles|Any CPU
		{259391A0-E913-44F9-AEB5-7795393AC029}.Charles|Any CPU.Build.0 = Charles|Any CPU
		{259391A0-E913-44F9-AEB5-7795393AC029}.Debug|Any CPU.ActiveCfg = Debug|Any CPU
		{259391A0-E913-44F9-AEB5-7795393AC029}.Debug|Any CPU.Build.0 = Debug|Any CPU
		{259391A0-E913-44F9-AEB5-7795393AC029}.Release|Any CPU.ActiveCfg = Release|Any CPU
		{259391A0-E913-44F9-AEB5-7795393AC029}.Release|Any CPU.Build.0 = Release|Any CPU
	EndGlobalSection
	GlobalSection(SolutionProperties) = preSolution
		HideSolutionNode = FALSE
	EndGlobalSection
	GlobalSection(ExtensibilityGlobals) = postSolution
		SolutionGuid = {9A86FEB4-9FB8-4800-AD43-25F26FB765B3}
	EndGlobalSection
EndGlobal
